{
  "version": 4,
  "terraform_version": "1.13.5",
  "serial": 4,
  "lineage": "d41ab0c4-fdcb-ce27-40ff-68cf37c5b458",
  "outputs": {},
  "resources": [
    {
      "mode": "data",
      "type": "azuread_client_config",
      "name": "current",
      "provider": "provider[\"registry.terraform.io/hashicorp/azuread\"]",
      "instances": [
        {
          "schema_version": 0,
          "attributes": {
            "client_id": "04b07795-8ddb-461a-bbee-02f9e1bf7b46",
            "id": "c58d8906-adad-4435-bc32-4fb6f2230f97-04b07795-8ddb-461a-bbee-02f9e1bf7b46-8aa2a94d-e6af-4fa2-845b-4a2efc6bf3af",
            "object_id": "8aa2a94d-e6af-4fa2-845b-4a2efc6bf3af",
            "tenant_id": "c58d8906-adad-4435-bc32-4fb6f2230f97",
            "timeouts": null
          },
          "sensitive_attributes": [],
          "identity_schema_version": 0
        }
      ]
    },
    {
      "mode": "managed",
      "type": "azuread_group",
      "name": "migration_team",
      "provider": "provider[\"registry.terraform.io/hashicorp/azuread\"]",
      "instances": [
        {
          "schema_version": 0,
          "attributes": {
            "administrative_unit_ids": null,
            "assignable_to_role": false,
            "auto_subscribe_new_members": false,
            "behaviors": null,
            "description": "Group for migration project demo — MFA enforced via Conditional Access",
            "display_name": "Migration-Project-Team",
            "dynamic_membership": [],
            "external_senders_allowed": false,
            "hide_from_address_lists": false,
            "hide_from_outlook_clients": false,
            "id": "b9d806a0-cef4-47e7-a1de-174171e89fb3",
            "mail": "",
            "mail_enabled": false,
            "mail_nickname": "97fea60b-a",
            "members": [],
            "object_id": "b9d806a0-cef4-47e7-a1de-174171e89fb3",
            "onpremises_domain_name": "",
            "onpremises_group_type": "",
            "onpremises_netbios_name": "",
            "onpremises_sam_account_name": "",
            "onpremises_security_identifier": "",
            "onpremises_sync_enabled": false,
            "owners": [
              "8aa2a94d-e6af-4fa2-845b-4a2efc6bf3af"
            ],
            "preferred_language": "",
            "prevent_duplicate_names": false,
            "provisioning_options": null,
            "proxy_addresses": [],
            "security_enabled": true,
            "theme": "",
            "timeouts": null,
            "types": null,
            "visibility": "",
            "writeback_enabled": false
          },
          "sensitive_attributes": [],
          "identity_schema_version": 0,
          "private": "eyJlMmJmYjczMC1lY2FhLTExZTYtOGY4OC0zNDM2M2JjN2M0YzAiOnsiY3JlYXRlIjoxMjAwMDAwMDAwMDAwLCJkZWxldGUiOjMwMDAwMDAwMDAwMCwicmVhZCI6MzAwMDAwMDAwMDAwLCJ1cGRhdGUiOjEyMDAwMDAwMDAwMDB9fQ=="
        }
      ]
    },
    {
      "mode": "managed",
      "type": "azuread_group_member",
      "name": "demo_user_member",
      "provider": "provider[\"registry.terraform.io/hashicorp/azuread\"]",
      "instances": [
        {
          "schema_version": 0,
          "attributes": {
            "group_object_id": "b9d806a0-cef4-47e7-a1de-174171e89fb3",
            "id": "b9d806a0-cef4-47e7-a1de-174171e89fb3/member/96c0ef84-99b0-4134-843a-c36a105855b3",
            "member_object_id": "96c0ef84-99b0-4134-843a-c36a105855b3",
            "timeouts": null
          },
          "sensitive_attributes": [],
          "identity_schema_version": 0,
          "private": "eyJlMmJmYjczMC1lY2FhLTExZTYtOGY4OC0zNDM2M2JjN2M0YzAiOnsiY3JlYXRlIjozMDAwMDAwMDAwMDAsImRlbGV0ZSI6MzAwMDAwMDAwMDAwLCJyZWFkIjozMDAwMDAwMDAwMDB9fQ==",
          "dependencies": [
            "azuread_group.migration_team",
            "azuread_user.demo_user"
          ]
        }
      ]
    },
    {
      "mode": "managed",
      "type": "azuread_user",
      "name": "demo_user",
      "provider": "provider[\"registry.terraform.io/hashicorp/azuread\"]",
      "instances": [
        {
          "schema_version": 0,
          "attributes": {
            "about_me": "",
            "account_enabled": true,
            "age_group": "",
            "business_phones": [],
            "city": "",
            "company_name": "",
            "consent_provided_for_minor": "",
            "cost_center": "",
            "country": "",
            "creation_type": "",
            "department": "",
            "disable_password_expiration": false,
            "disable_strong_password": false,
            "display_name": "Migration Demo User",
            "division": "",
            "employee_id": "",
            "employee_type": "",
            "external_user_state": "",
            "fax_number": "",
            "force_password_change": false,
            "given_name": "",
            "id": "96c0ef84-99b0-4134-843a-c36a105855b3",
            "im_addresses": [],
            "job_title": "",
            "mail": "",
            "mail_nickname": "migration-demo",
            "manager_id": "",
            "mobile_phone": "",
            "object_id": "96c0ef84-99b0-4134-843a-c36a105855b3",
            "office_location": "",
            "onpremises_distinguished_name": "",
            "onpremises_domain_name": "",
            "onpremises_immutable_id": "",
            "onpremises_sam_account_name": "",
            "onpremises_security_identifier": "",
            "onpremises_sync_enabled": false,
            "onpremises_user_principal_name": "",
            "other_mails": null,
            "password": "MigrateDemo@2024!",
            "postal_code": "",
            "preferred_language": "",
            "proxy_addresses": [],
            "show_in_address_list": true,
            "state": "",
            "street_address": "",
            "surname": "",
            "timeouts": null,
            "usage_location": "",
            "user_principal_name": "migration.demo@Vetri369outlook.onmicrosoft.com",
            "user_type": "Member"
          },
          "sensitive_attributes": [
            [
              {
                "type": "get_attr",
                "value": "password"
              }
            ]
          ],
          "identity_schema_version": 0,
          "private": "eyJlMmJmYjczMC1lY2FhLTExZTYtOGY4OC0zNDM2M2JjN2M0YzAiOnsiY3JlYXRlIjozMDAwMDAwMDAwMDAsImRlbGV0ZSI6MzAwMDAwMDAwMDAwLCJyZWFkIjozMDAwMDAwMDAwMDAsInVwZGF0ZSI6MzAwMDAwMDAwMDAwfX0="
        }
      ]
    }
  ],
  "check_results": null
}
