{
  "version": 4,
  "terraform_version": "1.13.5",
  "serial": 17,
  "lineage": "547cbe3a-59b0-f21a-f961-834e3455c0c1",
  "outputs": {},
  "resources": [
    {
      "mode": "managed",
      "type": "google_compute_network",
      "name": "vpc",
      "provider": "provider[\"registry.terraform.io/hashicorp/google\"]",
      "instances": [
        {
          "schema_version": 0,
          "attributes": {
            "auto_create_subnetworks": false,
            "delete_default_routes_on_create": false,
            "description": "",
            "enable_ula_internal_ipv6": false,
            "gateway_ipv4": "",
            "id": "projects/capstone-york/global/networks/migration-vpc",
            "internal_ipv6_range": "",
            "mtu": 0,
            "name": "migration-vpc",
            "network_firewall_policy_enforcement_order": "AFTER_CLASSIC_FIREWALL",
            "numeric_id": "795182192563620259",
            "project": "capstone-york",
            "routing_mode": "REGIONAL",
            "self_link": "https://www.googleapis.com/compute/v1/projects/capstone-york/global/networks/migration-vpc",
            "timeouts": null
          },
          "sensitive_attributes": [],
          "identity_schema_version": 0,
          "private": "eyJlMmJmYjczMC1lY2FhLTExZTYtOGY4OC0zNDM2M2JjN2M0YzAiOnsiY3JlYXRlIjoxMjAwMDAwMDAwMDAwLCJkZWxldGUiOjEyMDAwMDAwMDAwMDAsInVwZGF0ZSI6MTIwMDAwMDAwMDAwMH19"
        }
      ]
    },
    {
      "mode": "managed",
      "type": "google_compute_subnetwork",
      "name": "subnet",
      "provider": "provider[\"registry.terraform.io/hashicorp/google\"]",
      "instances": [
        {
          "schema_version": 0,
          "attributes": {
            "creation_timestamp": "2026-04-07T09:56:56.426-07:00",
            "description": "",
            "external_ipv6_prefix": "",
            "fingerprint": null,
            "gateway_address": "10.0.0.1",
            "id": "projects/capstone-york/regions/northamerica-northeast1/subnetworks/migration-subnet",
            "internal_ipv6_prefix": "",
            "ip_cidr_range": "10.0.0.0/24",
            "ipv6_access_type": "",
            "ipv6_cidr_range": "",
            "log_config": [],
            "name": "migration-subnet",
            "network": "https://www.googleapis.com/compute/v1/projects/capstone-york/global/networks/migration-vpc",
            "private_ip_google_access": true,
            "private_ipv6_google_access": "DISABLE_GOOGLE_ACCESS",
            "project": "capstone-york",
            "purpose": "PRIVATE",
            "region": "northamerica-northeast1",
            "role": "",
            "secondary_ip_range": [
              {
                "ip_cidr_range": "10.1.0.0/16",
                "range_name": "pods"
              },
              {
                "ip_cidr_range": "10.2.0.0/20",
                "range_name": "services"
              }
            ],
            "self_link": "https://www.googleapis.com/compute/v1/projects/capstone-york/regions/northamerica-northeast1/subnetworks/migration-subnet",
            "send_secondary_ip_range_if_empty": null,
            "stack_type": "IPV4_ONLY",
            "timeouts": null
          },
          "sensitive_attributes": [],
          "identity_schema_version": 0,
          "private": "eyJlMmJmYjczMC1lY2FhLTExZTYtOGY4OC0zNDM2M2JjN2M0YzAiOnsiY3JlYXRlIjoxMjAwMDAwMDAwMDAwLCJkZWxldGUiOjEyMDAwMDAwMDAwMDAsInVwZGF0ZSI6MTIwMDAwMDAwMDAwMH19",
          "dependencies": [
            "google_compute_network.vpc"
          ]
        }
      ]
    },
    {
      "mode": "managed",
      "type": "google_container_cluster",
      "name": "primary",
      "provider": "provider[\"registry.terraform.io/hashicorp/google\"]",
      "instances": [
        {
          "schema_version": 2,
          "attributes": {
            "addons_config": [
              {
                "cloudrun_config": [],
                "config_connector_config": [],
                "dns_cache_config": [
                  {
                    "enabled": true
                  }
                ],
                "gce_persistent_disk_csi_driver_config": [
                  {
                    "enabled": true
                  }
                ],
                "gcp_filestore_csi_driver_config": [],
                "gcs_fuse_csi_driver_config": [],
                "gke_backup_agent_config": [],
                "horizontal_pod_autoscaling": [],
                "http_load_balancing": [],
                "network_policy_config": [
                  {
                    "disabled": true
                  }
                ],
                "ray_operator_config": [],
                "stateful_ha_config": []
              }
            ],
            "allow_net_admin": null,
            "authenticator_groups_config": [],
            "binary_authorization": [
              {
                "enabled": false,
                "evaluation_mode": ""
              }
            ],
            "cluster_autoscaling": [
              {
                "auto_provisioning_defaults": [],
                "auto_provisioning_locations": [],
                "autoscaling_profile": "BALANCED",
                "enabled": false,
                "resource_limits": []
              }
            ],
            "cluster_ipv4_cidr": "10.1.0.0/16",
            "confidential_nodes": [],
            "cost_management_config": [],
            "database_encryption": [
              {
                "key_name": "",
                "state": "DECRYPTED"
              }
            ],
            "datapath_provider": "",
            "default_max_pods_per_node": 110,
            "default_snat_status": [
              {
                "disabled": false
              }
            ],
            "deletion_protection": true,
            "description": "",
            "dns_config": [],
            "enable_autopilot": false,
            "enable_cilium_clusterwide_network_policy": false,
            "enable_intranode_visibility": false,
            "enable_k8s_beta_apis": [],
            "enable_kubernetes_alpha": false,
            "enable_l4_ilb_subsetting": false,
            "enable_legacy_abac": false,
            "enable_multi_networking": false,
            "enable_shielded_nodes": true,
            "enable_tpu": false,
            "endpoint": "34.19.253.99",
            "fleet": [],
            "gateway_api_config": [],
            "id": "projects/capstone-york/locations/northamerica-northeast1-a/clusters/migration-gke-cluster",
            "identity_service_config": [],
            "initial_node_count": 1,
            "ip_allocation_policy": [
              {
                "additional_pod_ranges_config": [],
                "cluster_ipv4_cidr_block": "10.1.0.0/16",
                "cluster_secondary_range_name": "pods",
                "pod_cidr_overprovision_config": [
                  {
                    "disabled": false
                  }
                ],
                "services_ipv4_cidr_block": "10.2.0.0/20",
                "services_secondary_range_name": "services",
                "stack_type": "IPV4"
              }
            ],
            "label_fingerprint": "a9dc16a7",
            "location": "northamerica-northeast1-a",
            "logging_config": [
              {
                "enable_components": []
              }
            ],
            "logging_service": "none",
            "maintenance_policy": [],
            "master_auth": [
              {
                "client_certificate": "",
                "client_certificate_config": [
                  {
                    "issue_client_certificate": false
                  }
                ],
                "client_key": "",
                "cluster_ca_certificate": "LS0tLS1CRUdJTiBDRVJUSUZJQ0FURS0tLS0tCk1JSUVMVENDQXBXZ0F3SUJBZ0lSQU9yUHpYcy92S3FFeEZCRHVwYUszenN3RFFZSktvWklodmNOQVFFTEJRQXcKTHpFdE1Dc0dBMVVFQXhNa1pUY3lZemhqTjJJdE5qVTVNaTAwTkRkaExUbGpOV1V0TWpBME56TXdOVEprT1RkaApNQ0FYRFRJMk1EUXhOREl5TWpJME1Wb1lEekl3TlRZd05EQTJNak15TWpReFdqQXZNUzB3S3dZRFZRUURFeVJsCk56SmpPR00zWWkwMk5Ua3lMVFEwTjJFdE9XTTFaUzB5TURRM016QTFNbVE1TjJFd2dnR2lNQTBHQ1NxR1NJYjMKRFFFQkFRVUFBNElCandBd2dnR0tBb0lCZ1FDaTE0L1AwVUtQR1FITlNDRDMzUVlqMmJpZ3BrajFOVUhvREdSUgoxTWxvNEdkajJVY2ZlcDVNOW1PZjdWM3h4MlJPTzRUcjArbVpXZmJGZ2tiR3Q3eHRBOFNxbXJ5bTA2MmJMbHlTClpPWlM0Z2pQbUJYNlRXOThVRFAxT0xicXQxWVNUTEhTbHliWGFWeDRPT1lCZVRZdGdXb3JUbS90NGxEZE4zZloKQytDR0pMTEpIR3lBdHAva3FPaXZVbWlOOXhlVWJqY3VrQ281NjE2NlFPdVZTd09JVjl0ZHNHMDFaT2dOQlVEOAo5cUorODZoWDQrVjBUbGNnTStteXZ0VXBDWGhSbEFoRVFRNGJaZXZOVGZsTkt4OUtxUUIrK3g1QUg5cUpjVDlXCkNDUGtnNHZycWNOaXZicHBmc20ycFNBNmFJL1Q3bU95ZmVPdlkwTHIvcFViaWhzTlNQZElkb21CZldISUdQUDkKckNNRnF0M0NsWlIza0pxVlRkVlFYL3ErcS9FTGZPVXJzSzdETGlhY3JPc0JyODRuSEtad2ZqZ0MvOWFDM2dZbgpFQjhVMTgwTVR5QW5sNEZ6QXNXWVFpOU95SUE2dExZY2UyS2JQRzVPSW1JNGFQaVBoY2xqRi8wa1NXZnRYWldECjNYS0JhZlRoOE9kUFhoVkJuM3hpSjBUdUQ3a0NBd0VBQWFOQ01FQXdEZ1lEVlIwUEFRSC9CQVFEQWdJRU1BOEcKQTFVZEV3RUIvd1FGTUFNQkFmOHdIUVlEVlIwT0JCWUVGS1BBTzFJODVlLzNCc2piQmhwUHJ6SmpqRWJwTUEwRwpDU3FHU0liM0RRRUJDd1VBQTRJQmdRQlVxbVVucUNzbzh2eC9QQWZWSGFMRzU4M0N2WE5kTGN0Zi94c080THhuCktraFBOdnF0YVJBa1V1dTFqYlRDbitHWjRxWG1hTXM3YkFqL2VGVzhiOHI0UmUrY0xLYTBPR1lVN1VOZ04zU0oKSENkd0JvbDg1K2tXT0dtK1BYajNYVEFDUVJDTFlmNThpb0NvUE50eXlCTk9icGRqZ2lKQ2gzcDFpZHFTZDkvSgppV1hQV2JiU2tldy93WG1lbjNSZVpVZ0o2dk1xVm5mK1NGTjJlTFhEUjQ1TG8yUVV3eThIMGczS1VQQ2h6S3l5ClE1dWJGemU3ZU0zREtsV0dadXFiek5aT0tDOWt6NnBla2JUNE1mczJ4aVZHS2o1cmZMSW1Eem8zNEI5M0NQQ3oKRVpjbndjQVhFbW1nUkRUQmhUZ2lac2NROXZqYW4xeGFNV1IzUW4wb1FBRlRLeHJEVGdkZStVL1hyVVRPV203RQp3ZVJqZnJybFV4ajZ1VGJZajBJL2ltQi9XYmhFWG5NRXNMTkI5QjIwWFE4Z3VlTlozc1E0Vkw3enBlanYxemE4CkIvTm1hS1plblN0Q3dEdkw3c01mY2FDdWVNYmVWb1RzRW1wODRoT053Wld0dFV4NUszS3lQMURTYTZWR3BhbzIKcFk3UlFycVRFRExnU3RBemN1TjVrTWM9Ci0tLS0tRU5EIENFUlRJRklDQVRFLS0tLS0K"
              }
            ],
            "master_authorized_networks_config": [],
            "master_version": "1.35.1-gke.1396002",
            "mesh_certificates": [],
            "min_master_version": null,
            "monitoring_config": [
              {
                "advanced_datapath_observability_config": [
                  {
                    "enable_metrics": false,
                    "enable_relay": false,
                    "relay_mode": "DISABLED"
                  }
                ],
                "enable_components": [
                  "STORAGE",
                  "HPA",
                  "POD",
                  "DAEMONSET",
                  "DEPLOYMENT",
                  "STATEFULSET",
                  "JOBSET",
                  "CADVISOR",
                  "KUBELET",
                  "DCGM"
                ],
                "managed_prometheus": [
                  {
                    "enabled": true
                  }
                ]
              }
            ],
            "monitoring_service": "none",
            "name": "migration-gke-cluster",
            "network": "projects/capstone-york/global/networks/migration-vpc",
            "network_policy": [
              {
                "enabled": false,
                "provider": "PROVIDER_UNSPECIFIED"
              }
            ],
            "networking_mode": "VPC_NATIVE",
            "node_config": [],
            "node_locations": [],
            "node_pool": [],
            "node_pool_auto_config": [
              {
                "network_tags": [],
                "node_kubelet_config": [
                  {
                    "insecure_kubelet_readonly_port_enabled": "FALSE"
                  }
                ],
                "resource_manager_tags": {}
              }
            ],
            "node_pool_defaults": [
              {
                "node_config_defaults": [
                  {
                    "containerd_config": [],
                    "insecure_kubelet_readonly_port_enabled": "FALSE",
                    "logging_variant": "DEFAULT"
                  }
                ]
              }
            ],
            "node_version": "1.35.1-gke.1396002",
            "notification_config": [
              {
                "pubsub": [
                  {
                    "enabled": false,
                    "filter": [],
                    "topic": ""
                  }
                ]
              }
            ],
            "operation": null,
            "private_cluster_config": [
              {
                "enable_private_endpoint": false,
                "enable_private_nodes": false,
                "master_global_access_config": [
                  {
                    "enabled": false
                  }
                ],
                "master_ipv4_cidr_block": "",
                "peering_name": "",
                "private_endpoint": "10.0.0.6",
                "private_endpoint_subnetwork": "",
                "public_endpoint": "34.19.253.99"
              }
            ],
            "private_ipv6_google_access": "",
            "project": "capstone-york",
            "release_channel": [
              {
                "channel": "REGULAR"
              }
            ],
            "remove_default_node_pool": true,
            "resource_labels": {},
            "resource_usage_export_config": [],
            "security_posture_config": [
              {
                "mode": "BASIC",
                "vulnerability_mode": "VULNERABILITY_MODE_UNSPECIFIED"
              }
            ],
            "self_link": "https://container.googleapis.com/v1/projects/capstone-york/zones/northamerica-northeast1-a/clusters/migration-gke-cluster",
            "service_external_ips_config": [
              {
                "enabled": false
              }
            ],
            "services_ipv4_cidr": "10.2.0.0/20",
            "subnetwork": "projects/capstone-york/regions/northamerica-northeast1/subnetworks/migration-subnet",
            "timeouts": null,
            "tpu_ipv4_cidr_block": "",
            "vertical_pod_autoscaling": [],
            "workload_identity_config": []
          },
          "sensitive_attributes": [
            [
              {
                "type": "get_attr",
                "value": "master_auth"
              },
              {
                "type": "index",
                "value": {
                  "value": 0,
                  "type": "number"
                }
              },
              {
                "type": "get_attr",
                "value": "client_key"
              }
            ]
          ],
          "identity_schema_version": 0,
          "private": "eyJlMmJmYjczMC1lY2FhLTExZTYtOGY4OC0zNDM2M2JjN2M0YzAiOnsiY3JlYXRlIjoyNDAwMDAwMDAwMDAwLCJkZWxldGUiOjI0MDAwMDAwMDAwMDAsInJlYWQiOjI0MDAwMDAwMDAwMDAsInVwZGF0ZSI6MzYwMDAwMDAwMDAwMH0sInNjaGVtYV92ZXJzaW9uIjoiMiJ9",
          "dependencies": [
            "google_compute_network.vpc",
            "google_compute_subnetwork.subnet"
          ]
        }
      ]
    }
  ],
  "check_results": null
}
